PODS:
  - Capacitor (7.0.0):
    - CapacitorCordova
  - CapacitorApp (7.0.0):
    - Capacitor
  - CapacitorBrowser (7.0.0):
    - Capacitor
  - CapacitorCommunityFileOpener (7.0.0):
    - Capacitor
  - CapacitorCommunitySqlite (7.0.0):
    - Capacitor
    - SQLCipher
    - ZIPFoundation
  - CapacitorCordova (7.0.0)
  - CapacitorDevice (7.0.0):
    - Capacitor
  - CapacitorFilesystem (7.0.0):
    - Capacitor
  - CapacitorHaptics (7.0.0):
    - Capacitor
  - CapacitorKeyboard (7.0.0):
    - Capacitor
  - CapacitorSplashScreen (7.0.0):
    - Capacitor
  - CapacitorStatusBar (7.0.0):
    - Capacitor
  - CordovaPlugins (7.0.1):
    - CapacitorCordova
  - CordovaPluginsStatic (7.0.1):
    - CapacitorCordova
    - OneSignalXCFramework (= 3.12.10)
  - OneSignalXCFramework (3.12.10):
    - OneSignalXCFramework/OneSignalCore (= 3.12.10)
    - OneSignalXCFramework/OneSignalExtension (= 3.12.10)
    - OneSignalXCFramework/OneSignalOutcomes (= 3.12.10)
  - OneSignalXCFramework/OneSignalCore (3.12.10)
  - OneSignalXCFramework/OneSignalExtension (3.12.10):
    - OneSignalXCFramework/OneSignalCore
    - OneSignalXCFramework/OneSignalOutcomes
  - OneSignalXCFramework/OneSignalOutcomes (3.12.10):
    - OneSignalXCFramework/OneSignalCore
  - SQLCipher (4.6.1):
    - SQLCipher/standard (= 4.6.1)
  - SQLCipher/common (4.6.1)
  - SQLCipher/standard (4.6.1):
    - SQLCipher/common
  - ZIPFoundation (0.9.19)

DEPENDENCIES:
  - "Capacitor (from `../../node_modules/@capacitor/ios`)"
  - "CapacitorApp (from `../../node_modules/@capacitor/app`)"
  - "CapacitorBrowser (from `../../node_modules/@capacitor/browser`)"
  - "CapacitorCommunityFileOpener (from `../../node_modules/@capacitor-community/file-opener`)"
  - "CapacitorCommunitySqlite (from `../../node_modules/@capacitor-community/sqlite`)"
  - "CapacitorCordova (from `../../node_modules/@capacitor/ios`)"
  - "CapacitorDevice (from `../../node_modules/@capacitor/device`)"
  - "CapacitorFilesystem (from `../../node_modules/@capacitor/filesystem`)"
  - "CapacitorHaptics (from `../../node_modules/@capacitor/haptics`)"
  - "CapacitorKeyboard (from `../../node_modules/@capacitor/keyboard`)"
  - "CapacitorSplashScreen (from `../../node_modules/@capacitor/splash-screen`)"
  - "CapacitorStatusBar (from `../../node_modules/@capacitor/status-bar`)"
  - CordovaPlugins (from `../capacitor-cordova-ios-plugins`)
  - CordovaPluginsStatic (from `../capacitor-cordova-ios-plugins`)

SPEC REPOS:
  trunk:
    - OneSignalXCFramework
    - SQLCipher
    - ZIPFoundation

EXTERNAL SOURCES:
  Capacitor:
    :path: "../../node_modules/@capacitor/ios"
  CapacitorApp:
    :path: "../../node_modules/@capacitor/app"
  CapacitorBrowser:
    :path: "../../node_modules/@capacitor/browser"
  CapacitorCommunityFileOpener:
    :path: "../../node_modules/@capacitor-community/file-opener"
  CapacitorCommunitySqlite:
    :path: "../../node_modules/@capacitor-community/sqlite"
  CapacitorCordova:
    :path: "../../node_modules/@capacitor/ios"
  CapacitorDevice:
    :path: "../../node_modules/@capacitor/device"
  CapacitorFilesystem:
    :path: "../../node_modules/@capacitor/filesystem"
  CapacitorHaptics:
    :path: "../../node_modules/@capacitor/haptics"
  CapacitorKeyboard:
    :path: "../../node_modules/@capacitor/keyboard"
  CapacitorSplashScreen:
    :path: "../../node_modules/@capacitor/splash-screen"
  CapacitorStatusBar:
    :path: "../../node_modules/@capacitor/status-bar"
  CordovaPlugins:
    :path: "../capacitor-cordova-ios-plugins"
  CordovaPluginsStatic:
    :path: "../capacitor-cordova-ios-plugins"

SPEC CHECKSUMS:
  Capacitor: fcbee427ff437f414bbb3bc2d39364ad9bd2b8a5
  CapacitorApp: 45cb7cbef4aa380b9236fd6980033eb5cde6fcd2
  CapacitorBrowser: 352a66541b15ceadae1d703802b11979023705e3
  CapacitorCommunityFileOpener: c3b6c8b9060c9066e1e3725eb796119f6fb2baca
  CapacitorCommunitySqlite: 6501e7349acf998346acf24ef757861bb3f6fc2b
  CapacitorCordova: 345f93b7edd121db98e4ec20ac94d6d7bcaf7e48
  CapacitorDevice: 62066b65e148a133df7b8c5bf972ba835b329748
  CapacitorFilesystem: 2881ad012b5c8d0ffbfed1216aadfc2cca16d5b5
  CapacitorHaptics: 1fba3e460e7614349c6d5f868b1fccdc5c87b66d
  CapacitorKeyboard: 2c26c6fccde35023c579fc37d4cae6326d5e6343
  CapacitorSplashScreen: f4e58cc02aafd91c7cbaf32a3d1b44d02a115125
  CapacitorStatusBar: 438e90beeeefa8276b24e6c5991cb02dd13e51bf
  CordovaPlugins: c9adfbadaacc9bcb26467543963d55a75bd7ca8b
  CordovaPluginsStatic: 459afdc78f97bdff409736a55c4e3184870fc850
  OneSignalXCFramework: e458f7a374192598a1d66418e1b61481c3cdf0e9
  SQLCipher: 77fbe633cd84db04b07876dd50766b4924b57d61
  ZIPFoundation: b8c29ea7ae353b309bc810586181fd073cb3312c

PODFILE CHECKSUM: 3f3e83f967207fcf739b7c0bbf348af58b4cae00

COCOAPODS: 1.15.2
